// !$*UTF8*$!
{
	archiveVersion = 1;
	classes = {
	};
	objectVersion = 51;
	objects = {

/* Begin PBXBuildFile section */
		3120A66F245B397000192A11 /* AppDelegate.swift in Sources */ = {isa = PBXBuildFile; fileRef = 3120A66E245B397000192A11 /* AppDelegate.swift */; };
		3120A671245B397000192A11 /* SceneDelegate.swift in Sources */ = {isa = PBXBuildFile; fileRef = 3120A670245B397000192A11 /* SceneDelegate.swift */; };
		3120A673245B397000192A11 /* ViewController.swift in Sources */ = {isa = PBXBuildFile; fileRef = 3120A672245B397000192A11 /* ViewController.swift */; };
		3120A676245B397000192A11 /* Main.storyboard in Resources */ = {isa = PBXBuildFile; fileRef = 3120A674245B397000192A11 /* Main.storyboard */; };
		3120A679245B397000192A11 /* Bills.xcdatamodeld in Sources */ = {isa = PBXBuildFile; fileRef = 3120A677245B397000192A11 /* Bills.xcdatamodeld */; };
		3120A67B245B397100192A11 /* Assets.xcassets in Resources */ = {isa = PBXBuildFile; fileRef = 3120A67A245B397100192A11 /* Assets.xcassets */; };
		3120A67E245B397100192A11 /* LaunchScreen.storyboard in Resources */ = {isa = PBXBuildFile; fileRef = 3120A67C245B397100192A11 /* LaunchScreen.storyboard */; };
		3120A689245B397100192A11 /* BillsTests.swift in Sources */ = {isa = PBXBuildFile; fileRef = 3120A688245B397100192A11 /* BillsTests.swift */; };
		40396016815E9BECCBB5B7D1 /* Pods_Bills.framework in Frameworks */ = {isa = PBXBuildFile; fileRef = 4EFA2DFAE2C6306A8B43D443 /* Pods_Bills.framework */; };
		5C651642BAE76C06A96C2BCC /* Pods_BillsTests.framework in Frameworks */ = {isa = PBXBuildFile; fileRef = EC8D8B971CCB84CBC8127ED2 /* Pods_BillsTests.framework */; };
/* End PBXBuildFile section */

/* Begin PBXContainerItemProxy section */
		3120A685245B397100192A11 /* PBXContainerItemProxy */ = {
			isa = PBXContainerItemProxy;
			containerPortal = 3120A663245B397000192A11 /* Project object */;
			proxyType = 1;
			remoteGlobalIDString = 3120A66A245B397000192A11;
			remoteInfo = Bills;
		};
/* End PBXContainerItemProxy section */

/* Begin PBXFileReference section */
		24D9680462D4F41737902CDD /* Pods-Bills.release.xcconfig */ = {isa = PBXFileReference; includeInIndex = 1; lastKnownFileType = text.xcconfig; name = "Pods-Bills.release.xcconfig"; path = "Target Support Files/Pods-Bills/Pods-Bills.release.xcconfig"; sourceTree = "<group>"; };
		3120A66B245B397000192A11 /* Bills.app */ = {isa = PBXFileReference; explicitFileType = wrapper.application; includeInIndex = 0; path = Bills.app; sourceTree = BUILT_PRODUCTS_DIR; };
		3120A66E245B397000192A11 /* AppDelegate.swift */ = {isa = PBXFileReference; lastKnownFileType = sourcecode.swift; path = AppDelegate.swift; sourceTree = "<group>"; };
		3120A670245B397000192A11 /* SceneDelegate.swift */ = {isa = PBXFileReference; lastKnownFileType = sourcecode.swift; path = SceneDelegate.swift; sourceTree = "<group>"; };
		3120A672245B397000192A11 /* ViewController.swift */ = {isa = PBXFileReference; lastKnownFileType = sourcecode.swift; path = ViewController.swift; sourceTree = "<group>"; };
		3120A675245B397000192A11 /* Base */ = {isa = PBXFileReference; lastKnownFileType = file.storyboard; name = Base; path = Base.lproj/Main.storyboard; sourceTree = "<group>"; };
		3120A678245B397000192A11 /* Bills.xcdatamodel */ = {isa = PBXFileReference; lastKnownFileType = wrapper.xcdatamodel; path = Bills.xcdatamodel; sourceTree = "<group>"; };
		3120A67A245B397100192A11 /* Assets.xcassets */ = {isa = PBXFileReference; lastKnownFileType = folder.assetcatalog; path = Assets.xcassets; sourceTree = "<group>"; };
		3120A67D245B397100192A11 /* Base */ = {isa = PBXFileReference; lastKnownFileType = file.storyboard; name = Base; path = Base.lproj/LaunchScreen.storyboard; sourceTree = "<group>"; };
		3120A67F245B397100192A11 /* Info.plist */ = {isa = PBXFileReference; lastKnownFileType = text.plist.xml; path = Info.plist; sourceTree = "<group>"; };
		3120A684245B397100192A11 /* BillsTests.xctest */ = {isa = PBXFileReference; explicitFileType = wrapper.cfbundle; includeInIndex = 0; path = BillsTests.xctest; sourceTree = BUILT_PRODUCTS_DIR; };
		3120A688245B397100192A11 /* BillsTests.swift */ = {isa = PBXFileReference; lastKnownFileType = sourcecode.swift; path = BillsTests.swift; sourceTree = "<group>"; };
		3120A68A245B397100192A11 /* Info.plist */ = {isa = PBXFileReference; lastKnownFileType = text.plist.xml; path = Info.plist; sourceTree = "<group>"; };
		31E0D4FB24701C9B0047EB72 /* Balances.storyboard */ = {isa = PBXFileReference; lastKnownFileType = file.storyboard; name = Balances.storyboard; path = /Users/karledwards/.git_repos/Xcode/Bills/Bills/Balances.storyboard; sourceTree = "<absolute>"; };
		35A4D61B17D9662C739C0857 /* Pods-BillsTests.debug.xcconfig */ = {isa = PBXFileReference; includeInIndex = 1; lastKnownFileType = text.xcconfig; name = "Pods-BillsTests.debug.xcconfig"; path = "Target Support Files/Pods-BillsTests/Pods-BillsTests.debug.xcconfig"; sourceTree = "<group>"; };
		4EFA2DFAE2C6306A8B43D443 /* Pods_Bills.framework */ = {isa = PBXFileReference; explicitFileType = wrapper.framework; includeInIndex = 0; path = Pods_Bills.framework; sourceTree = BUILT_PRODUCTS_DIR; };
		91AD9F40FDE46A07B7F6A055 /* Pods-Bills.debug.xcconfig */ = {isa = PBXFileReference; includeInIndex = 1; lastKnownFileType = text.xcconfig; name = "Pods-Bills.debug.xcconfig"; path = "Target Support Files/Pods-Bills/Pods-Bills.debug.xcconfig"; sourceTree = "<group>"; };
		E28A779706583F2C2B205F07 /* Pods-BillsTests.release.xcconfig */ = {isa = PBXFileReference; includeInIndex = 1; lastKnownFileType = text.xcconfig; name = "Pods-BillsTests.release.xcconfig"; path = "Target Support Files/Pods-BillsTests/Pods-BillsTests.release.xcconfig"; sourceTree = "<group>"; };
		EC8D8B971CCB84CBC8127ED2 /* Pods_BillsTests.framework */ = {isa = PBXFileReference; explicitFileType = wrapper.framework; includeInIndex = 0; path = Pods_BillsTests.framework; sourceTree = BUILT_PRODUCTS_DIR; };
/* End PBXFileReference section */

/* Begin PBXFrameworksBuildPhase section */
		3120A668245B397000192A11 /* Frameworks */ = {
			isa = PBXFrameworksBuildPhase;
			buildActionMask = 2147483647;
			files = (
				40396016815E9BECCBB5B7D1 /* Pods_Bills.framework in Frameworks */,
			);
			runOnlyForDeploymentPostprocessing = 0;
		};
		3120A681245B397100192A11 /* Frameworks */ = {
			isa = PBXFrameworksBuildPhase;
			buildActionMask = 2147483647;
			files = (
				5C651642BAE76C06A96C2BCC /* Pods_BillsTests.framework in Frameworks */,
			);
			runOnlyForDeploymentPostprocessing = 0;
		};
/* End PBXFrameworksBuildPhase section */

/* Begin PBXGroup section */
		3120A662245B397000192A11 = {
			isa = PBXGroup;
			children = (
				3120A66D245B397000192A11 /* Bills */,
				3120A687245B397100192A11 /* BillsTests */,
				3120A66C245B397000192A11 /* Products */,
				59072EF8D828E0DDC2D24E38 /* Pods */,
				45D998AB5DBC5237B1606982 /* Frameworks */,
			);
			sourceTree = "<group>";
		};
		3120A66C245B397000192A11 /* Products */ = {
			isa = PBXGroup;
			children = (
				3120A66B245B397000192A11 /* Bills.app */,
				3120A684245B397100192A11 /* BillsTests.xctest */,
			);
			name = Products;
			sourceTree = "<group>";
		};
		3120A66D245B397000192A11 /* Bills */ = {
			isa = PBXGroup;
			children = (
				3120A66E245B397000192A11 /* AppDelegate.swift */,
				3120A670245B397000192A11 /* SceneDelegate.swift */,
				3120A672245B397000192A11 /* ViewController.swift */,
				3120A674245B397000192A11 /* Main.storyboard */,
				31E0D4FB24701C9B0047EB72 /* Balances.storyboard */,
				3120A67A245B397100192A11 /* Assets.xcassets */,
				3120A67C245B397100192A11 /* LaunchScreen.storyboard */,
				3120A67F245B397100192A11 /* Info.plist */,
				3120A677245B397000192A11 /* Bills.xcdatamodeld */,
			);
			path = Bills;
			sourceTree = "<group>";
		};
		3120A687245B397100192A11 /* BillsTests */ = {
			isa = PBXGroup;
			children = (
				3120A688245B397100192A11 /* BillsTests.swift */,
				3120A68A245B397100192A11 /* Info.plist */,
			);
			path = BillsTests;
			sourceTree = "<group>";
		};
		45D998AB5DBC5237B1606982 /* Frameworks */ = {
			isa = PBXGroup;
			children = (
				4EFA2DFAE2C6306A8B43D443 /* Pods_Bills.framework */,
				EC8D8B971CCB84CBC8127ED2 /* Pods_BillsTests.framework */,
			);
			name = Frameworks;
			sourceTree = "<group>";
		};
		59072EF8D828E0DDC2D24E38 /* Pods */ = {
			isa = PBXGroup;
			children = (
				91AD9F40FDE46A07B7F6A055 /* Pods-Bills.debug.xcconfig */,
				24D9680462D4F41737902CDD /* Pods-Bills.release.xcconfig */,
				35A4D61B17D9662C739C0857 /* Pods-BillsTests.debug.xcconfig */,
				E28A779706583F2C2B205F07 /* Pods-BillsTests.release.xcconfig */,
			);
			path = Pods;
			sourceTree = "<group>";
		};
/* End PBXGroup section */

/* Begin PBXNativeTarget section */
		3120A66A245B397000192A11 /* Bills */ = {
			isa = PBXNativeTarget;
			buildConfigurationList = 3120A68D245B397100192A11 /* Build configuration list for PBXNativeTarget "Bills" */;
			buildPhases = (
				56B677ABBACE0377E72CA9BA /* [CP] Check Pods Manifest.lock */,
				3120A667245B397000192A11 /* Sources */,
				3120A668245B397000192A11 /* Frameworks */,
				3120A669245B397000192A11 /* Resources */,
				9155FC7C7FCF097618A66919 /* [CP] Embed Pods Frameworks */,
				31840386245B8D5D00F88ABE /* Prepare for Distribution */,
			);
			buildRules = (
			);
			dependencies = (
			);
			name = Bills;
			productName = Bills;
			productReference = 3120A66B245B397000192A11 /* Bills.app */;
			productType = "com.apple.product-type.application";
		};
		3120A683245B397100192A11 /* BillsTests */ = {
			isa = PBXNativeTarget;
			buildConfigurationList = 3120A690245B397100192A11 /* Build configuration list for PBXNativeTarget "BillsTests" */;
			buildPhases = (
				FDA2DFED160F05B77273E37A /* [CP] Check Pods Manifest.lock */,
				3120A680245B397100192A11 /* Sources */,
				3120A681245B397100192A11 /* Frameworks */,
				3120A682245B397100192A11 /* Resources */,
				E823F82F7BE0B74845347F30 /* [CP] Embed Pods Frameworks */,
			);
			buildRules = (
			);
			dependencies = (
				3120A686245B397100192A11 /* PBXTargetDependency */,
			);
			name = BillsTests;
			productName = BillsTests;
			productReference = 3120A684245B397100192A11 /* BillsTests.xctest */;
			productType = "com.apple.product-type.bundle.unit-test";
		};
/* End PBXNativeTarget section */

/* Begin PBXProject section */
		3120A663245B397000192A11 /* Project object */ = {
			isa = PBXProject;
			attributes = {
				LastSwiftUpdateCheck = 1140;
				LastUpgradeCheck = 1140;
				ORGANIZATIONNAME = "Karl Edwards";
				TargetAttributes = {
					3120A66A245B397000192A11 = {
						CreatedOnToolsVersion = 11.4.1;
					};
					3120A683245B397100192A11 = {
						CreatedOnToolsVersion = 11.4.1;
						TestTargetID = 3120A66A245B397000192A11;
					};
				};
			};
			buildConfigurationList = 3120A666245B397000192A11 /* Build configuration list for PBXProject "Bills" */;
			compatibilityVersion = "Xcode 9.3";
			developmentRegion = en;
			hasScannedForEncodings = 0;
			knownRegions = (
				en,
				Base,
			);
			mainGroup = 3120A662245B397000192A11;
			productRefGroup = 3120A66C245B397000192A11 /* Products */;
			projectDirPath = "";
			projectRoot = "";
			targets = (
				3120A66A245B397000192A11 /* Bills */,
				3120A683245B397100192A11 /* BillsTests */,
			);
		};
/* End PBXProject section */

/* Begin PBXResourcesBuildPhase section */
		3120A669245B397000192A11 /* Resources */ = {
			isa = PBXResourcesBuildPhase;
			buildActionMask = 2147483647;
			files = (
				3120A67E245B397100192A11 /* LaunchScreen.storyboard in Resources */,
				3120A67B245B397100192A11 /* Assets.xcassets in Resources */,
				3120A676245B397000192A11 /* Main.storyboard in Resources */,
			);
			runOnlyForDeploymentPostprocessing = 0;
		};
		3120A682245B397100192A11 /* Resources */ = {
			isa = PBXResourcesBuildPhase;
			buildActionMask = 2147483647;
			files = (
			);
			runOnlyForDeploymentPostprocessing = 0;
		};
/* End PBXResourcesBuildPhase section */

/* Begin PBXShellScriptBuildPhase section */
		31840386245B8D5D00F88ABE /* Prepare for Distribution */ = {
			isa = PBXShellScriptBuildPhase;
			buildActionMask = 2147483647;
			files = (
			);
			inputFileListPaths = (
			);
			inputPaths = (
			);
			name = "Prepare for Distribution";
			outputFileListPaths = (
			);
			outputPaths = (
			);
			runOnlyForDeploymentPostprocessing = 0;
			shellPath = /bin/sh;
			shellScript = "LINK_ROOT=${PODS_ROOT:+$PODS_ROOT/Plaid/ios}\ncp \"{LINK_ROOT:-$HOME/.git_repos/Xcode/Bills}\"/LinkKit.framework/prepare_for_distribution.sh \"${CODESIGNING_FOLDER_PATH}\"/Frameworks/LinkKit.framework/prepare_for_distribution.sh\n\"${CODESIGNING_FOLDER_PATH}\"/Frameworks/LinkKit.framework/prepare_for_distribution.sh\n";
		};
		56B677ABBACE0377E72CA9BA /* [CP] Check Pods Manifest.lock */ = {
			isa = PBXShellScriptBuildPhase;
			buildActionMask = 2147483647;
			files = (
			);
			inputFileListPaths = (
			);
			inputPaths = (
				"${PODS_PODFILE_DIR_PATH}/Podfile.lock",
				"${PODS_ROOT}/Manifest.lock",
			);
			name = "[CP] Check Pods Manifest.lock";
			outputFileListPaths = (
			);
			outputPaths = (
				"$(DERIVED_FILE_DIR)/Pods-Bills-checkManifestLockResult.txt",
			);
			runOnlyForDeploymentPostprocessing = 0;
			shellPath = /bin/sh;
			shellScript = "diff \"${PODS_PODFILE_DIR_PATH}/Podfile.lock\" \"${PODS_ROOT}/Manifest.lock\" > /dev/null\nif [ $? != 0 ] ; then\n    # print error to STDERR\n    echo \"error: The sandbox is not in sync with the Podfile.lock. Run 'pod install' or update your CocoaPods installation.\" >&2\n    exit 1\nfi\n# This output is used by Xcode 'outputs' to avoid re-running this script phase.\necho \"SUCCESS\" > \"${SCRIPT_OUTPUT_FILE_0}\"\n";
			showEnvVarsInLog = 0;
		};
		9155FC7C7FCF097618A66919 /* [CP] Embed Pods Frameworks */ = {
			isa = PBXShellScriptBuildPhase;
			buildActionMask = 2147483647;
			files = (
			);
			inputFileListPaths = (
				"${PODS_ROOT}/Target Support Files/Pods-Bills/Pods-Bills-frameworks-${CONFIGURATION}-input-files.xcfilelist",
			);
			name = "[CP] Embed Pods Frameworks";
			outputFileListPaths = (
				"${PODS_ROOT}/Target Support Files/Pods-Bills/Pods-Bills-frameworks-${CONFIGURATION}-output-files.xcfilelist",
			);
			runOnlyForDeploymentPostprocessing = 0;
			shellPath = /bin/sh;
			shellScript = "\"${PODS_ROOT}/Target Support Files/Pods-Bills/Pods-Bills-frameworks.sh\"\n";
			showEnvVarsInLog = 0;
		};
		E823F82F7BE0B74845347F30 /* [CP] Embed Pods Frameworks */ = {
			isa = PBXShellScriptBuildPhase;
			buildActionMask = 2147483647;
			files = (
			);
			inputFileListPaths = (
				"${PODS_ROOT}/Target Support Files/Pods-BillsTests/Pods-BillsTests-frameworks-${CONFIGURATION}-input-files.xcfilelist",
			);
			name = "[CP] Embed Pods Frameworks";
			outputFileListPaths = (
				"${PODS_ROOT}/Target Support Files/Pods-BillsTests/Pods-BillsTests-frameworks-${CONFIGURATION}-output-files.xcfilelist",
			);
			runOnlyForDeploymentPostprocessing = 0;
			shellPath = /bin/sh;
			shellScript = "\"${PODS_ROOT}/Target Support Files/Pods-BillsTests/Pods-BillsTests-frameworks.sh\"\n";
			showEnvVarsInLog = 0;
		};
		FDA2DFED160F05B77273E37A /* [CP] Check Pods Manifest.lock */ = {
			isa = PBXShellScriptBuildPhase;
			buildActionMask = 2147483647;
			files = (
			);
			inputFileListPaths = (
			);
			inputPaths = (
				"${PODS_PODFILE_DIR_PATH}/Podfile.lock",
				"${PODS_ROOT}/Manifest.lock",
			);
			name = "[CP] Check Pods Manifest.lock";
			outputFileListPaths = (
			);
			outputPaths = (
				"$(DERIVED_FILE_DIR)/Pods-BillsTests-checkManifestLockResult.txt",
			);
			runOnlyForDeploymentPostprocessing = 0;
			shellPath = /bin/sh;
			shellScript = "diff \"${PODS_PODFILE_DIR_PATH}/Podfile.lock\" \"${PODS_ROOT}/Manifest.lock\" > /dev/null\nif [ $? != 0 ] ; then\n    # print error to STDERR\n    echo \"error: The sandbox is not in sync with the Podfile.lock. Run 'pod install' or update your CocoaPods installation.\" >&2\n    exit 1\nfi\n# This output is used by Xcode 'outputs' to avoid re-running this script phase.\necho \"SUCCESS\" > \"${SCRIPT_OUTPUT_FILE_0}\"\n";
			showEnvVarsInLog = 0;
		};
/* End PBXShellScriptBuildPhase section */

/* Begin PBXSourcesBuildPhase section */
		3120A667245B397000192A11 /* Sources */ = {
			isa = PBXSourcesBuildPhase;
			buildActionMask = 2147483647;
			files = (
				3120A679245B397000192A11 /* Bills.xcdatamodeld in Sources */,
				3120A673245B397000192A11 /* ViewController.swift in Sources */,
				3120A66F245B397000192A11 /* AppDelegate.swift in Sources */,
				3120A671245B397000192A11 /* SceneDelegate.swift in Sources */,
			);
			runOnlyForDeploymentPostprocessing = 0;
		};
		3120A680245B397100192A11 /* Sources */ = {
			isa = PBXSourcesBuildPhase;
			buildActionMask = 2147483647;
			files = (
				3120A689245B397100192A11 /* BillsTests.swift in Sources */,
			);
			runOnlyForDeploymentPostprocessing = 0;
		};
/* End PBXSourcesBuildPhase section */

/* Begin PBXTargetDependency section */
		3120A686245B397100192A11 /* PBXTargetDependency */ = {
			isa = PBXTargetDependency;
			target = 3120A66A245B397000192A11 /* Bills */;
			targetProxy = 3120A685245B397100192A11 /* PBXContainerItemProxy */;
		};
/* End PBXTargetDependency section */

/* Begin PBXVariantGroup section */
		3120A674245B397000192A11 /* Main.storyboard */ = {
			isa = PBXVariantGroup;
			children = (
				3120A675245B397000192A11 /* Base */,
			);
			name = Main.storyboard;
			sourceTree = "<group>";
		};
		3120A67C245B397100192A11 /* LaunchScreen.storyboard */ = {
			isa = PBXVariantGroup;
			children = (
				3120A67D245B397100192A11 /* Base */,
			);
			name = LaunchScreen.storyboard;
			sourceTree = "<group>";
		};
/* End PBXVariantGroup section */

/* Begin XCBuildConfiguration section */
		3120A68B245B397100192A11 /* Debug */ = {
			isa = XCBuildConfiguration;
			buildSettings = {
				ALWAYS_SEARCH_USER_PATHS = NO;
				CLANG_ANALYZER_NONNULL = YES;
				CLANG_ANALYZER_NUMBER_OBJECT_CONVERSION = YES_AGGRESSIVE;
				CLANG_CXX_LANGUAGE_STANDARD = "gnu++14";
				CLANG_CXX_LIBRARY = "libc++";
				CLANG_ENABLE_MODULES = YES;
				CLANG_ENABLE_OBJC_ARC = YES;
				CLANG_ENABLE_OBJC_WEAK = YES;
				CLANG_WARN_BLOCK_CAPTURE_AUTORELEASING = YES;
				CLANG_WARN_BOOL_CONVERSION = YES;
				CLANG_WARN_COMMA = YES;
				CLANG_WARN_CONSTANT_CONVERSION = YES;
				CLANG_WARN_DEPRECATED_OBJC_IMPLEMENTATIONS = YES;
				CLANG_WARN_DIRECT_OBJC_ISA_USAGE = YES_ERROR;
				CLANG_WARN_DOCUMENTATION_COMMENTS = YES;
				CLANG_WARN_EMPTY_BODY = YES;
				CLANG_WARN_ENUM_CONVERSION = YES;
				CLANG_WARN_INFINITE_RECURSION = YES;
				CLANG_WARN_INT_CONVERSION = YES;
				CLANG_WARN_NON_LITERAL_NULL_CONVERSION = YES;
				CLANG_WARN_OBJC_IMPLICIT_RETAIN_SELF = YES;
				CLANG_WARN_OBJC_LITERAL_CONVERSION = YES;
				CLANG_WARN_OBJC_ROOT_CLASS = YES_ERROR;
				CLANG_WARN_RANGE_LOOP_ANALYSIS = YES;
				CLANG_WARN_STRICT_PROTOTYPES = YES;
				CLANG_WARN_SUSPICIOUS_MOVE = YES;
				CLANG_WARN_UNGUARDED_AVAILABILITY = YES_AGGRESSIVE;
				CLANG_WARN_UNREACHABLE_CODE = YES;
				CLANG_WARN__DUPLICATE_METHOD_MATCH = YES;
				COPY_PHASE_STRIP = NO;
				DEBUG_INFORMATION_FORMAT = dwarf;
				ENABLE_STRICT_OBJC_MSGSEND = YES;
				ENABLE_TESTABILITY = YES;
				GCC_C_LANGUAGE_STANDARD = gnu11;
				GCC_DYNAMIC_NO_PIC = NO;
				GCC_NO_COMMON_BLOCKS = YES;
				GCC_OPTIMIZATION_LEVEL = 0;
				GCC_PREPROCESSOR_DEFINITIONS = (
					"DEBUG=1",
					"$(inherited)",
				);
				GCC_WARN_64_TO_32_BIT_CONVERSION = YES;
				GCC_WARN_ABOUT_RETURN_TYPE = YES_ERROR;
				GCC_WARN_UNDECLARED_SELECTOR = YES;
				GCC_WARN_UNINITIALIZED_AUTOS = YES_AGGRESSIVE;
				GCC_WARN_UNUSED_FUNCTION = YES;
				GCC_WARN_UNUSED_VARIABLE = YES;
				IPHONEOS_DEPLOYMENT_TARGET = 13.4;
				MTL_ENABLE_DEBUG_INFO = INCLUDE_SOURCE;
				MTL_FAST_MATH = YES;
				ONLY_ACTIVE_ARCH = YES;
				SDKROOT = iphoneos;
				SWIFT_ACTIVE_COMPILATION_CONDITIONS = DEBUG;
				SWIFT_OPTIMIZATION_LEVEL = "-Onone";
			};
			name = Debug;
		};
		3120A68C245B397100192A11 /* Release */ = {
			isa = XCBuildConfiguration;
			buildSettings = {
				ALWAYS_SEARCH_USER_PATHS = NO;
				CLANG_ANALYZER_NONNULL = YES;
				CLANG_ANALYZER_NUMBER_OBJECT_CONVERSION = YES_AGGRESSIVE;
				CLANG_CXX_LANGUAGE_STANDARD = "gnu++14";
				CLANG_CXX_LIBRARY = "libc++";
				CLANG_ENABLE_MODULES = YES;
				CLANG_ENABLE_OBJC_ARC = YES;
				CLANG_ENABLE_OBJC_WEAK = YES;
				CLANG_WARN_BLOCK_CAPTURE_AUTORELEASING = YES;
				CLANG_WARN_BOOL_CONVERSION = YES;
				CLANG_WARN_COMMA = YES;
				CLANG_WARN_CONSTANT_CONVERSION = YES;
				CLANG_WARN_DEPRECATED_OBJC_IMPLEMENTATIONS = YES;
				CLANG_WARN_DIRECT_OBJC_ISA_USAGE = YES_ERROR;
				CLANG_WARN_DOCUMENTATION_COMMENTS = YES;
				CLANG_WARN_EMPTY_BODY = YES;
				CLANG_WARN_ENUM_CONVERSION = YES;
				CLANG_WARN_INFINITE_RECURSION = YES;
				CLANG_WARN_INT_CONVERSION = YES;
				CLANG_WARN_NON_LITERAL_NULL_CONVERSION = YES;
				CLANG_WARN_OBJC_IMPLICIT_RETAIN_SELF = YES;
				CLANG_WARN_OBJC_LITERAL_CONVERSION = YES;
				CLANG_WARN_OBJC_ROOT_CLASS = YES_ERROR;
				CLANG_WARN_RANGE_LOOP_ANALYSIS = YES;
				CLANG_WARN_STRICT_PROTOTYPES = YES;
				CLANG_WARN_SUSPICIOUS_MOVE = YES;
				CLANG_WARN_UNGUARDED_AVAILABILITY = YES_AGGRESSIVE;
				CLANG_WARN_UNREACHABLE_CODE = YES;
				CLANG_WARN__DUPLICATE_METHOD_MATCH = YES;
				COPY_PHASE_STRIP = NO;
				DEBUG_INFORMATION_FORMAT = "dwarf-with-dsym";
				ENABLE_NS_ASSERTIONS = NO;
				ENABLE_STRICT_OBJC_MSGSEND = YES;
				GCC_C_LANGUAGE_STANDARD = gnu11;
				GCC_NO_COMMON_BLOCKS = YES;
				GCC_WARN_64_TO_32_BIT_CONVERSION = YES;
				GCC_WARN_ABOUT_RETURN_TYPE = YES_ERROR;
				GCC_WARN_UNDECLARED_SELECTOR = YES;
				GCC_WARN_UNINITIALIZED_AUTOS = YES_AGGRESSIVE;
				GCC_WARN_UNUSED_FUNCTION = YES;
				GCC_WARN_UNUSED_VARIABLE = YES;
				IPHONEOS_DEPLOYMENT_TARGET = 13.4;
				MTL_ENABLE_DEBUG_INFO = NO;
				MTL_FAST_MATH = YES;
				SDKROOT = iphoneos;
				SWIFT_COMPILATION_MODE = wholemodule;
				SWIFT_OPTIMIZATION_LEVEL = "-O";
				VALIDATE_PRODUCT = YES;
			};
			name = Release;
		};
		3120A68E245B397100192A11 /* Debug */ = {
			isa = XCBuildConfiguration;
			baseConfigurationReference = 91AD9F40FDE46A07B7F6A055 /* Pods-Bills.debug.xcconfig */;
			buildSettings = {
				ASSETCATALOG_COMPILER_APPICON_NAME = AppIcon;
				CODE_SIGN_STYLE = Automatic;
				DEVELOPMENT_TEAM = LVUN659QM5;
				INFOPLIST_FILE = Bills/Info.plist;
				LD_RUNPATH_SEARCH_PATHS = (
					"$(inherited)",
					"@executable_path/Frameworks",
				);
				PRODUCT_BUNDLE_IDENTIFIER = com.karledwards.bills.Bills;
				PRODUCT_NAME = "$(TARGET_NAME)";
				SWIFT_VERSION = 5.0;
				TARGETED_DEVICE_FAMILY = "1,2";
			};
			name = Debug;
		};
		3120A68F245B397100192A11 /* Release */ = {
			isa = XCBuildConfiguration;
			baseConfigurationReference = 24D9680462D4F41737902CDD /* Pods-Bills.release.xcconfig */;
			buildSettings = {
				ASSETCATALOG_COMPILER_APPICON_NAME = AppIcon;
				CODE_SIGN_STYLE = Automatic;
				DEVELOPMENT_TEAM = LVUN659QM5;
				INFOPLIST_FILE = Bills/Info.plist;
				LD_RUNPATH_SEARCH_PATHS = (
					"$(inherited)",
					"@executable_path/Frameworks",
				);
				PRODUCT_BUNDLE_IDENTIFIER = com.karledwards.bills.Bills;
				PRODUCT_NAME = "$(TARGET_NAME)";
				SWIFT_VERSION = 5.0;
				TARGETED_DEVICE_FAMILY = "1,2";
			};
			name = Release;
		};
		3120A691245B397100192A11 /* Debug */ = {
			isa = XCBuildConfiguration;
			baseConfigurationReference = 35A4D61B17D9662C739C0857 /* Pods-BillsTests.debug.xcconfig */;
			buildSettings = {
				ALWAYS_EMBED_SWIFT_STANDARD_LIBRARIES = YES;
				BUNDLE_LOADER = "$(TEST_HOST)";
				CODE_SIGN_STYLE = Automatic;
				INFOPLIST_FILE = BillsTests/Info.plist;
				IPHONEOS_DEPLOYMENT_TARGET = 13.4;
				LD_RUNPATH_SEARCH_PATHS = (
					"$(inherited)",
					"@executable_path/Frameworks",
					"@loader_path/Frameworks",
				);
				PRODUCT_BUNDLE_IDENTIFIER = com.karledwards.bills.BillsTests;
				PRODUCT_NAME = "$(TARGET_NAME)";
				SWIFT_VERSION = 5.0;
				TARGETED_DEVICE_FAMILY = "1,2";
				TEST_HOST = "$(BUILT_PRODUCTS_DIR)/Bills.app/Bills";
			};
			name = Debug;
		};
		3120A692245B397100192A11 /* Release */ = {
			isa = XCBuildConfiguration;
			baseConfigurationReference = E28A779706583F2C2B205F07 /* Pods-BillsTests.release.xcconfig */;
			buildSettings = {
				ALWAYS_EMBED_SWIFT_STANDARD_LIBRARIES = YES;
				BUNDLE_LOADER = "$(TEST_HOST)";
				CODE_SIGN_STYLE = Automatic;
				INFOPLIST_FILE = BillsTests/Info.plist;
				IPHONEOS_DEPLOYMENT_TARGET = 13.4;
				LD_RUNPATH_SEARCH_PATHS = (
					"$(inherited)",
					"@executable_path/Frameworks",
					"@loader_path/Frameworks",
				);
				PRODUCT_BUNDLE_IDENTIFIER = com.karledwards.bills.BillsTests;
				PRODUCT_NAME = "$(TARGET_NAME)";
				SWIFT_VERSION = 5.0;
				TARGETED_DEVICE_FAMILY = "1,2";
				TEST_HOST = "$(BUILT_PRODUCTS_DIR)/Bills.app/Bills";
			};
			name = Release;
		};
/* End XCBuildConfiguration section */

/* Begin XCConfigurationList section */
		3120A666245B397000192A11 /* Build configuration list for PBXProject "Bills" */ = {
			isa = XCConfigurationList;
			buildConfigurations = (
				3120A68B245B397100192A11 /* Debug */,
				3120A68C245B397100192A11 /* Release */,
			);
			defaultConfigurationIsVisible = 0;
			defaultConfigurationName = Release;
		};
		3120A68D245B397100192A11 /* Build configuration list for PBXNativeTarget "Bills" */ = {
			isa = XCConfigurationList;
			buildConfigurations = (
				3120A68E245B397100192A11 /* Debug */,
				3120A68F245B397100192A11 /* Release */,
			);
			defaultConfigurationIsVisible = 0;
			defaultConfigurationName = Release;
		};
		3120A690245B397100192A11 /* Build configuration list for PBXNativeTarget "BillsTests" */ = {
			isa = XCConfigurationList;
			buildConfigurations = (
				3120A691245B397100192A11 /* Debug */,
				3120A692245B397100192A11 /* Release */,
			);
			defaultConfigurationIsVisible = 0;
			defaultConfigurationName = Release;
		};
/* End XCConfigurationList section */

/* Begin XCVersionGroup section */
		3120A677245B397000192A11 /* Bills.xcdatamodeld */ = {
			isa = XCVersionGroup;
			children = (
				3120A678245B397000192A11 /* Bills.xcdatamodel */,
			);
			currentVersion = 3120A678245B397000192A11 /* Bills.xcdatamodel */;
			path = Bills.xcdatamodeld;
			sourceTree = "<group>";
			versionGroupType = wrapper.xcdatamodel;
		};
/* End XCVersionGroup section */
	};
	rootObject = 3120A663245B397000192A11 /* Project object */;
}
